# This file is automatically @generated by Cargo.
# It is not intended for manual editing.
version = 4

[[package]]
name = "artificer-geometry"
version = "0.1.0"

[[package]]
name = "artificer-scan-cli"
version = "0.1.0"
dependencies = [
 "artificer-geometry",
 "artificer-scan-core",
]

[[package]]
name = "artificer-scan-core"
version = "0.1.0"
dependencies = [
 "artificer-geometry",
]
